// !$*UTF8*$!
{
	archiveVersion = 1;
	classes = {
	};
	objectVersion = 50;
	objects = {

/* Begin PBXBuildFile section */
		4141E0EF20B7DE7500180C51 /* Message.m in Sources */ = {isa = PBXBuildFile; fileRef = 4141E0EE20B7DE7500180C51 /* Message.m */; };
		4141E0F220B7E01F00180C51 /* VC2CollectionViewCell.m in Sources */ = {isa = PBXBuildFile; fileRef = 4141E0F120B7E01F00180C51 /* VC2CollectionViewCell.m */; };
		414E544220B53F8600EB9E99 /* ViewController2Detail.m in Sources */ = {isa = PBXBuildFile; fileRef = 414E544120B53F8600EB9E99 /* ViewController2Detail.m */; };
		41573E9620AE7481002B6A24 /* AppDelegate.m in Sources */ = {isa = PBXBuildFile; fileRef = 41573E9520AE7481002B6A24 /* AppDelegate.m */; };
		41573E9920AE7481002B6A24 /* ViewController.m in Sources */ = {isa = PBXBuildFile; fileRef = 41573E9820AE7481002B6A24 /* ViewController.m */; };
		41573E9C20AE7481002B6A24 /* Main.storyboard in Resources */ = {isa = PBXBuildFile; fileRef = 41573E9A20AE7481002B6A24 /* Main.storyboard */; };
		41573E9E20AE7485002B6A24 /* Assets.xcassets in Resources */ = {isa = PBXBuildFile; fileRef = 41573E9D20AE7485002B6A24 /* Assets.xcassets */; };
		41573EA120AE7485002B6A24 /* LaunchScreen.storyboard in Resources */ = {isa = PBXBuildFile; fileRef = 41573E9F20AE7485002B6A24 /* LaunchScreen.storyboard */; };
		41573EA420AE7485002B6A24 /* main.m in Sources */ = {isa = PBXBuildFile; fileRef = 41573EA320AE7485002B6A24 /* main.m */; };
		41573EAE20AE7485002B6A24 /* GesturePushAndPopTests.m in Sources */ = {isa = PBXBuildFile; fileRef = 41573EAD20AE7485002B6A24 /* GesturePushAndPopTests.m */; };
		41573EB920AE7485002B6A24 /* GesturePushAndPopUITests.m in Sources */ = {isa = PBXBuildFile; fileRef = 41573EB820AE7485002B6A24 /* GesturePushAndPopUITests.m */; };
		41573EC820AE7FEB002B6A24 /* ViewController2.m in Sources */ = {isa = PBXBuildFile; fileRef = 41573EC720AE7FEB002B6A24 /* ViewController2.m */; };
		415C957420B6538100811735 /* DetailTransitioning.m in Sources */ = {isa = PBXBuildFile; fileRef = 415C957320B6538100811735 /* DetailTransitioning.m */; };
		415C957720B663E200811735 /* DetailCollectionViewCell.m in Sources */ = {isa = PBXBuildFile; fileRef = 415C957620B663E200811735 /* DetailCollectionViewCell.m */; };
		415C957A20B687F100811735 /* DetailTableViewCell.m in Sources */ = {isa = PBXBuildFile; fileRef = 415C957920B687F100811735 /* DetailTableViewCell.m */; };
		416918A720B2B026004C2BBE /* BaseAnimatedTransitioningViewController.m in Sources */ = {isa = PBXBuildFile; fileRef = 416918A620B2B026004C2BBE /* BaseAnimatedTransitioningViewController.m */; };
		416918AA20B2B067004C2BBE /* BaseAnimatedTransitioningNavigationController.m in Sources */ = {isa = PBXBuildFile; fileRef = 416918A920B2B067004C2BBE /* BaseAnimatedTransitioningNavigationController.m */; };
		416918AD20B2B07D004C2BBE /* BaseAnimatedTransitioning.m in Sources */ = {isa = PBXBuildFile; fileRef = 416918AC20B2B07D004C2BBE /* BaseAnimatedTransitioning.m */; };
		416918B020B2B25C004C2BBE /* UIView+Snapshot.m in Sources */ = {isa = PBXBuildFile; fileRef = 416918AF20B2B25C004C2BBE /* UIView+Snapshot.m */; };
		416918B420B2B803004C2BBE /* CommonPushPopAnimation.m in Sources */ = {isa = PBXBuildFile; fileRef = 416918B320B2B803004C2BBE /* CommonPushPopAnimation.m */; };
		416918BA20B2BCB2004C2BBE /* ViewController3.m in Sources */ = {isa = PBXBuildFile; fileRef = 416918B920B2BCB2004C2BBE /* ViewController3.m */; };
		416918BD20B2BCBA004C2BBE /* ViewController4.m in Sources */ = {isa = PBXBuildFile; fileRef = 416918BC20B2BCBA004C2BBE /* ViewController4.m */; };
		417C212520B3A51000E11B48 /* UIViewController+Snapshot.m in Sources */ = {isa = PBXBuildFile; fileRef = 417C212420B3A51000E11B48 /* UIViewController+Snapshot.m */; };
		417C212820B3C1A000E11B48 /* ViewController5.m in Sources */ = {isa = PBXBuildFile; fileRef = 417C212720B3C1A000E11B48 /* ViewController5.m */; };
		417C213520B404FB00E11B48 /* DragPopAnimation.m in Sources */ = {isa = PBXBuildFile; fileRef = 417C213420B404FB00E11B48 /* DragPopAnimation.m */; };
		418C4A1A20C5243A0058B57F /* CommentTableView.m in Sources */ = {isa = PBXBuildFile; fileRef = 418C4A1920C5243A0058B57F /* CommentTableView.m */; };
		418F1AA520BF7EF400625504 /* CommentView.m in Sources */ = {isa = PBXBuildFile; fileRef = 418F1AA420BF7EF400625504 /* CommentView.m */; };
		418F1AA720BF7F0500625504 /* CommentView.xib in Resources */ = {isa = PBXBuildFile; fileRef = 418F1AA620BF7F0500625504 /* CommentView.xib */; };
		41C1647120BFCE3000F1004C /* HitTestTableView.m in Sources */ = {isa = PBXBuildFile; fileRef = 41C1647020BFCE3000F1004C /* HitTestTableView.m */; };
/* End PBXBuildFile section */

/* Begin PBXContainerItemProxy section */
		41573EAA20AE7485002B6A24 /* PBXContainerItemProxy */ = {
			isa = PBXContainerItemProxy;
			containerPortal = 41573E8920AE7481002B6A24 /* Project object */;
			proxyType = 1;
			remoteGlobalIDString = 41573E9020AE7481002B6A24;
			remoteInfo = GesturePushAndPop;
		};
		41573EB520AE7485002B6A24 /* PBXContainerItemProxy */ = {
			isa = PBXContainerItemProxy;
			containerPortal = 41573E8920AE7481002B6A24 /* Project object */;
			proxyType = 1;
			remoteGlobalIDString = 41573E9020AE7481002B6A24;
			remoteInfo = GesturePushAndPop;
		};
/* End PBXContainerItemProxy section */

/* Begin PBXFileReference section */
		4141E0ED20B7DE7500180C51 /* Message.h */ = {isa = PBXFileReference; lastKnownFileType = sourcecode.c.h; path = Message.h; sourceTree = "<group>"; };
		4141E0EE20B7DE7500180C51 /* Message.m */ = {isa = PBXFileReference; lastKnownFileType = sourcecode.c.objc; path = Message.m; sourceTree = "<group>"; };
		4141E0F020B7E01F00180C51 /* VC2CollectionViewCell.h */ = {isa = PBXFileReference; lastKnownFileType = sourcecode.c.h; path = VC2CollectionViewCell.h; sourceTree = "<group>"; };
		4141E0F120B7E01F00180C51 /* VC2CollectionViewCell.m */ = {isa = PBXFileReference; lastKnownFileType = sourcecode.c.objc; path = VC2CollectionViewCell.m; sourceTree = "<group>"; };
		414E544020B53F8600EB9E99 /* ViewController2Detail.h */ = {isa = PBXFileReference; lastKnownFileType = sourcecode.c.h; path = ViewController2Detail.h; sourceTree = "<group>"; };
		414E544120B53F8600EB9E99 /* ViewController2Detail.m */ = {isa = PBXFileReference; lastKnownFileType = sourcecode.c.objc; path = ViewController2Detail.m; sourceTree = "<group>"; };
		41573E9120AE7481002B6A24 /* GesturePushAndPop.app */ = {isa = PBXFileReference; explicitFileType = wrapper.application; includeInIndex = 0; path = GesturePushAndPop.app; sourceTree = BUILT_PRODUCTS_DIR; };
		41573E9420AE7481002B6A24 /* AppDelegate.h */ = {isa = PBXFileReference; lastKnownFileType = sourcecode.c.h; path = AppDelegate.h; sourceTree = "<group>"; };
		41573E9520AE7481002B6A24 /* AppDelegate.m */ = {isa = PBXFileReference; lastKnownFileType = sourcecode.c.objc; path = AppDelegate.m; sourceTree = "<group>"; };
		41573E9720AE7481002B6A24 /* ViewController.h */ = {isa = PBXFileReference; lastKnownFileType = sourcecode.c.h; path = ViewController.h; sourceTree = "<group>"; };
		41573E9820AE7481002B6A24 /* ViewController.m */ = {isa = PBXFileReference; lastKnownFileType = sourcecode.c.objc; path = ViewController.m; sourceTree = "<group>"; };
		41573E9B20AE7481002B6A24 /* Base */ = {isa = PBXFileReference; lastKnownFileType = file.storyboard; name = Base; path = Base.lproj/Main.storyboard; sourceTree = "<group>"; };
		41573E9D20AE7485002B6A24 /* Assets.xcassets */ = {isa = PBXFileReference; lastKnownFileType = folder.assetcatalog; path = Assets.xcassets; sourceTree = "<group>"; };
		41573EA020AE7485002B6A24 /* Base */ = {isa = PBXFileReference; lastKnownFileType = file.storyboard; name = Base; path = Base.lproj/LaunchScreen.storyboard; sourceTree = "<group>"; };
		41573EA220AE7485002B6A24 /* Info.plist */ = {isa = PBXFileReference; lastKnownFileType = text.plist.xml; path = Info.plist; sourceTree = "<group>"; };
		41573EA320AE7485002B6A24 /* main.m */ = {isa = PBXFileReference; lastKnownFileType = sourcecode.c.objc; path = main.m; sourceTree = "<group>"; };
		41573EA920AE7485002B6A24 /* GesturePushAndPopTests.xctest */ = {isa = PBXFileReference; explicitFileType = wrapper.cfbundle; includeInIndex = 0; path = GesturePushAndPopTests.xctest; sourceTree = BUILT_PRODUCTS_DIR; };
		41573EAD20AE7485002B6A24 /* GesturePushAndPopTests.m */ = {isa = PBXFileReference; lastKnownFileType = sourcecode.c.objc; path = GesturePushAndPopTests.m; sourceTree = "<group>"; };
		41573EAF20AE7485002B6A24 /* Info.plist */ = {isa = PBXFileReference; lastKnownFileType = text.plist.xml; path = Info.plist; sourceTree = "<group>"; };
		41573EB420AE7485002B6A24 /* GesturePushAndPopUITests.xctest */ = {isa = PBXFileReference; explicitFileType = wrapper.cfbundle; includeInIndex = 0; path = GesturePushAndPopUITests.xctest; sourceTree = BUILT_PRODUCTS_DIR; };
		41573EB820AE7485002B6A24 /* GesturePushAndPopUITests.m */ = {isa = PBXFileReference; lastKnownFileType = sourcecode.c.objc; path = GesturePushAndPopUITests.m; sourceTree = "<group>"; };
		41573EBA20AE7485002B6A24 /* Info.plist */ = {isa = PBXFileReference; lastKnownFileType = text.plist.xml; path = Info.plist; sourceTree = "<group>"; };
		41573EC620AE7FEB002B6A24 /* ViewController2.h */ = {isa = PBXFileReference; lastKnownFileType = sourcecode.c.h; path = ViewController2.h; sourceTree = "<group>"; };
		41573EC720AE7FEB002B6A24 /* ViewController2.m */ = {isa = PBXFileReference; lastKnownFileType = sourcecode.c.objc; path = ViewController2.m; sourceTree = "<group>"; };
		415C957220B6538100811735 /* DetailTransitioning.h */ = {isa = PBXFileReference; lastKnownFileType = sourcecode.c.h; path = DetailTransitioning.h; sourceTree = "<group>"; };
		415C957320B6538100811735 /* DetailTransitioning.m */ = {isa = PBXFileReference; lastKnownFileType = sourcecode.c.objc; path = DetailTransitioning.m; sourceTree = "<group>"; };
		415C957520B663E200811735 /* DetailCollectionViewCell.h */ = {isa = PBXFileReference; lastKnownFileType = sourcecode.c.h; path = DetailCollectionViewCell.h; sourceTree = "<group>"; };
		415C957620B663E200811735 /* DetailCollectionViewCell.m */ = {isa = PBXFileReference; lastKnownFileType = sourcecode.c.objc; path = DetailCollectionViewCell.m; sourceTree = "<group>"; };
		415C957820B687F100811735 /* DetailTableViewCell.h */ = {isa = PBXFileReference; lastKnownFileType = sourcecode.c.h; path = DetailTableViewCell.h; sourceTree = "<group>"; };
		415C957920B687F100811735 /* DetailTableViewCell.m */ = {isa = PBXFileReference; lastKnownFileType = sourcecode.c.objc; path = DetailTableViewCell.m; sourceTree = "<group>"; };
		416918A520B2B026004C2BBE /* BaseAnimatedTransitioningViewController.h */ = {isa = PBXFileReference; lastKnownFileType = sourcecode.c.h; path = BaseAnimatedTransitioningViewController.h; sourceTree = "<group>"; };
		416918A620B2B026004C2BBE /* BaseAnimatedTransitioningViewController.m */ = {isa = PBXFileReference; lastKnownFileType = sourcecode.c.objc; path = BaseAnimatedTransitioningViewController.m; sourceTree = "<group>"; };
		416918A820B2B067004C2BBE /* BaseAnimatedTransitioningNavigationController.h */ = {isa = PBXFileReference; lastKnownFileType = sourcecode.c.h; path = BaseAnimatedTransitioningNavigationController.h; sourceTree = "<group>"; };
		416918A920B2B067004C2BBE /* BaseAnimatedTransitioningNavigationController.m */ = {isa = PBXFileReference; lastKnownFileType = sourcecode.c.objc; path = BaseAnimatedTransitioningNavigationController.m; sourceTree = "<group>"; };
		416918AB20B2B07D004C2BBE /* BaseAnimatedTransitioning.h */ = {isa = PBXFileReference; lastKnownFileType = sourcecode.c.h; path = BaseAnimatedTransitioning.h; sourceTree = "<group>"; };
		416918AC20B2B07D004C2BBE /* BaseAnimatedTransitioning.m */ = {isa = PBXFileReference; lastKnownFileType = sourcecode.c.objc; path = BaseAnimatedTransitioning.m; sourceTree = "<group>"; };
		416918AE20B2B25C004C2BBE /* UIView+Snapshot.h */ = {isa = PBXFileReference; lastKnownFileType = sourcecode.c.h; path = "UIView+Snapshot.h"; sourceTree = "<group>"; };
		416918AF20B2B25C004C2BBE /* UIView+Snapshot.m */ = {isa = PBXFileReference; lastKnownFileType = sourcecode.c.objc; path = "UIView+Snapshot.m"; sourceTree = "<group>"; };
		416918B220B2B803004C2BBE /* CommonPushPopAnimation.h */ = {isa = PBXFileReference; lastKnownFileType = sourcecode.c.h; path = CommonPushPopAnimation.h; sourceTree = "<group>"; };
		416918B320B2B803004C2BBE /* CommonPushPopAnimation.m */ = {isa = PBXFileReference; lastKnownFileType = sourcecode.c.objc; path = CommonPushPopAnimation.m; sourceTree = "<group>"; };
		416918B820B2BCB2004C2BBE /* ViewController3.h */ = {isa = PBXFileReference; lastKnownFileType = sourcecode.c.h; path = ViewController3.h; sourceTree = "<group>"; };
		416918B920B2BCB2004C2BBE /* ViewController3.m */ = {isa = PBXFileReference; lastKnownFileType = sourcecode.c.objc; path = ViewController3.m; sourceTree = "<group>"; };
		416918BB20B2BCBA004C2BBE /* ViewController4.h */ = {isa = PBXFileReference; lastKnownFileType = sourcecode.c.h; path = ViewController4.h; sourceTree = "<group>"; };
		416918BC20B2BCBA004C2BBE /* ViewController4.m */ = {isa = PBXFileReference; lastKnownFileType = sourcecode.c.objc; path = ViewController4.m; sourceTree = "<group>"; };
		417C212320B3A51000E11B48 /* UIViewController+Snapshot.h */ = {isa = PBXFileReference; lastKnownFileType = sourcecode.c.h; path = "UIViewController+Snapshot.h"; sourceTree = "<group>"; };
		417C212420B3A51000E11B48 /* UIViewController+Snapshot.m */ = {isa = PBXFileReference; lastKnownFileType = sourcecode.c.objc; path = "UIViewController+Snapshot.m"; sourceTree = "<group>"; };
		417C212620B3C1A000E11B48 /* ViewController5.h */ = {isa = PBXFileReference; lastKnownFileType = sourcecode.c.h; path = ViewController5.h; sourceTree = "<group>"; };
		417C212720B3C1A000E11B48 /* ViewController5.m */ = {isa = PBXFileReference; lastKnownFileType = sourcecode.c.objc; path = ViewController5.m; sourceTree = "<group>"; };
		417C213320B404FB00E11B48 /* DragPopAnimation.h */ = {isa = PBXFileReference; lastKnownFileType = sourcecode.c.h; path = DragPopAnimation.h; sourceTree = "<group>"; };
		417C213420B404FB00E11B48 /* DragPopAnimation.m */ = {isa = PBXFileReference; lastKnownFileType = sourcecode.c.objc; path = DragPopAnimation.m; sourceTree = "<group>"; };
		418C4A1820C5243A0058B57F /* CommentTableView.h */ = {isa = PBXFileReference; lastKnownFileType = sourcecode.c.h; path = CommentTableView.h; sourceTree = "<group>"; };
		418C4A1920C5243A0058B57F /* CommentTableView.m */ = {isa = PBXFileReference; lastKnownFileType = sourcecode.c.objc; path = CommentTableView.m; sourceTree = "<group>"; };
		418F1AA320BF7EF400625504 /* CommentView.h */ = {isa = PBXFileReference; lastKnownFileType = sourcecode.c.h; path = CommentView.h; sourceTree = "<group>"; };
		418F1AA420BF7EF400625504 /* CommentView.m */ = {isa = PBXFileReference; lastKnownFileType = sourcecode.c.objc; path = CommentView.m; sourceTree = "<group>"; };
		418F1AA620BF7F0500625504 /* CommentView.xib */ = {isa = PBXFileReference; lastKnownFileType = file.xib; path = CommentView.xib; sourceTree = "<group>"; };
		41C1646F20BFCE3000F1004C /* HitTestTableView.h */ = {isa = PBXFileReference; lastKnownFileType = sourcecode.c.h; path = HitTestTableView.h; sourceTree = "<group>"; };
		41C1647020BFCE3000F1004C /* HitTestTableView.m */ = {isa = PBXFileReference; lastKnownFileType = sourcecode.c.objc; path = HitTestTableView.m; sourceTree = "<group>"; };
/* End PBXFileReference section */

/* Begin PBXFrameworksBuildPhase section */
		41573E8E20AE7481002B6A24 /* Frameworks */ = {
			isa = PBXFrameworksBuildPhase;
			buildActionMask = 2147483647;
			files = (
			);
			runOnlyForDeploymentPostprocessing = 0;
		};
		41573EA620AE7485002B6A24 /* Frameworks */ = {
			isa = PBXFrameworksBuildPhase;
			buildActionMask = 2147483647;
			files = (
			);
			runOnlyForDeploymentPostprocessing = 0;
		};
		41573EB120AE7485002B6A24 /* Frameworks */ = {
			isa = PBXFrameworksBuildPhase;
			buildActionMask = 2147483647;
			files = (
			);
			runOnlyForDeploymentPostprocessing = 0;
		};
/* End PBXFrameworksBuildPhase section */

/* Begin PBXGroup section */
		41573E8820AE7481002B6A24 = {
			isa = PBXGroup;
			children = (
				41573E9320AE7481002B6A24 /* GesturePushAndPop */,
				41573EAC20AE7485002B6A24 /* GesturePushAndPopTests */,
				41573EB720AE7485002B6A24 /* GesturePushAndPopUITests */,
				41573E9220AE7481002B6A24 /* Products */,
			);
			sourceTree = "<group>";
		};
		41573E9220AE7481002B6A24 /* Products */ = {
			isa = PBXGroup;
			children = (
				41573E9120AE7481002B6A24 /* GesturePushAndPop.app */,
				41573EA920AE7485002B6A24 /* GesturePushAndPopTests.xctest */,
				41573EB420AE7485002B6A24 /* GesturePushAndPopUITests.xctest */,
			);
			name = Products;
			sourceTree = "<group>";
		};
		41573E9320AE7481002B6A24 /* GesturePushAndPop */ = {
			isa = PBXGroup;
			children = (
				41573E9420AE7481002B6A24 /* AppDelegate.h */,
				41573E9520AE7481002B6A24 /* AppDelegate.m */,
				417C213020B4027D00E11B48 /* tab1_探索 */,
				417C213120B4028C00E11B48 /* tab2_封装 */,
				417C213220B402DE00E11B48 /* tab3_应用 */,
				41573E9A20AE7481002B6A24 /* Main.storyboard */,
				41573E9D20AE7485002B6A24 /* Assets.xcassets */,
				41573E9F20AE7485002B6A24 /* LaunchScreen.storyboard */,
				41573EA220AE7485002B6A24 /* Info.plist */,
				41573EA320AE7485002B6A24 /* main.m */,
			);
			path = GesturePushAndPop;
			sourceTree = "<group>";
		};
		41573EAC20AE7485002B6A24 /* GesturePushAndPopTests */ = {
			isa = PBXGroup;
			children = (
				41573EAD20AE7485002B6A24 /* GesturePushAndPopTests.m */,
				41573EAF20AE7485002B6A24 /* Info.plist */,
			);
			path = GesturePushAndPopTests;
			sourceTree = "<group>";
		};
		41573EB720AE7485002B6A24 /* GesturePushAndPopUITests */ = {
			isa = PBXGroup;
			children = (
				41573EB820AE7485002B6A24 /* GesturePushAndPopUITests.m */,
				41573EBA20AE7485002B6A24 /* Info.plist */,
			);
			path = GesturePushAndPopUITests;
			sourceTree = "<group>";
		};
		416918A420B2AFC4004C2BBE /* AnimatedTransitioning */ = {
			isa = PBXGroup;
			children = (
				416918B120B2B753004C2BBE /* Animations */,
				416918A520B2B026004C2BBE /* BaseAnimatedTransitioningViewController.h */,
				416918A620B2B026004C2BBE /* BaseAnimatedTransitioningViewController.m */,
				416918A820B2B067004C2BBE /* BaseAnimatedTransitioningNavigationController.h */,
				416918A920B2B067004C2BBE /* BaseAnimatedTransitioningNavigationController.m */,
				416918AB20B2B07D004C2BBE /* BaseAnimatedTransitioning.h */,
				416918AC20B2B07D004C2BBE /* BaseAnimatedTransitioning.m */,
				416918AE20B2B25C004C2BBE /* UIView+Snapshot.h */,
				416918AF20B2B25C004C2BBE /* UIView+Snapshot.m */,
				417C212320B3A51000E11B48 /* UIViewController+Snapshot.h */,
				417C212420B3A51000E11B48 /* UIViewController+Snapshot.m */,
			);
			path = AnimatedTransitioning;
			sourceTree = "<group>";
		};
		416918B120B2B753004C2BBE /* Animations */ = {
			isa = PBXGroup;
			children = (
				416918B220B2B803004C2BBE /* CommonPushPopAnimation.h */,
				416918B320B2B803004C2BBE /* CommonPushPopAnimation.m */,
				417C213320B404FB00E11B48 /* DragPopAnimation.h */,
				417C213420B404FB00E11B48 /* DragPopAnimation.m */,
			);
			path = Animations;
			sourceTree = "<group>";
		};
		417C213020B4027D00E11B48 /* tab1_探索 */ = {
			isa = PBXGroup;
			children = (
				41573E9720AE7481002B6A24 /* ViewController.h */,
				41573E9820AE7481002B6A24 /* ViewController.m */,
				418F1AA320BF7EF400625504 /* CommentView.h */,
				418F1AA420BF7EF400625504 /* CommentView.m */,
				418F1AA620BF7F0500625504 /* CommentView.xib */,
				41C1646F20BFCE3000F1004C /* HitTestTableView.h */,
				41C1647020BFCE3000F1004C /* HitTestTableView.m */,
				418C4A1820C5243A0058B57F /* CommentTableView.h */,
				418C4A1920C5243A0058B57F /* CommentTableView.m */,
				41573EC620AE7FEB002B6A24 /* ViewController2.h */,
				41573EC720AE7FEB002B6A24 /* ViewController2.m */,
				4141E0F020B7E01F00180C51 /* VC2CollectionViewCell.h */,
				4141E0F120B7E01F00180C51 /* VC2CollectionViewCell.m */,
				414E544020B53F8600EB9E99 /* ViewController2Detail.h */,
				414E544120B53F8600EB9E99 /* ViewController2Detail.m */,
				4141E0ED20B7DE7500180C51 /* Message.h */,
				4141E0EE20B7DE7500180C51 /* Message.m */,
				415C957520B663E200811735 /* DetailCollectionViewCell.h */,
				415C957620B663E200811735 /* DetailCollectionViewCell.m */,
				415C957820B687F100811735 /* DetailTableViewCell.h */,
				415C957920B687F100811735 /* DetailTableViewCell.m */,
				415C957220B6538100811735 /* DetailTransitioning.h */,
				415C957320B6538100811735 /* DetailTransitioning.m */,
			);
			path = "tab1_探索";
			sourceTree = "<group>";
		};
		417C213120B4028C00E11B48 /* tab2_封装 */ = {
			isa = PBXGroup;
			children = (
				416918A420B2AFC4004C2BBE /* AnimatedTransitioning */,
				416918B820B2BCB2004C2BBE /* ViewController3.h */,
				416918B920B2BCB2004C2BBE /* ViewController3.m */,
				416918BB20B2BCBA004C2BBE /* ViewController4.h */,
				416918BC20B2BCBA004C2BBE /* ViewController4.m */,
				417C212620B3C1A000E11B48 /* ViewController5.h */,
				417C212720B3C1A000E11B48 /* ViewController5.m */,
			);
			path = "tab2_封装";
			sourceTree = "<group>";
		};
		417C213220B402DE00E11B48 /* tab3_应用 */ = {
			isa = PBXGroup;
			children = (
			);
			path = "tab3_应用";
			sourceTree = "<group>";
		};
/* End PBXGroup section */

/* Begin PBXNativeTarget section */
		41573E9020AE7481002B6A24 /* GesturePushAndPop */ = {
			isa = PBXNativeTarget;
			buildConfigurationList = 41573EBD20AE7485002B6A24 /* Build configuration list for PBXNativeTarget "GesturePushAndPop" */;
			buildPhases = (
				41573E8D20AE7481002B6A24 /* Sources */,
				41573E8E20AE7481002B6A24 /* Frameworks */,
				41573E8F20AE7481002B6A24 /* Resources */,
			);
			buildRules = (
			);
			dependencies = (
			);
			name = GesturePushAndPop;
			productName = GesturePushAndPop;
			productReference = 41573E9120AE7481002B6A24 /* GesturePushAndPop.app */;
			productType = "com.apple.product-type.application";
		};
		41573EA820AE7485002B6A24 /* GesturePushAndPopTests */ = {
			isa = PBXNativeTarget;
			buildConfigurationList = 41573EC020AE7485002B6A24 /* Build configuration list for PBXNativeTarget "GesturePushAndPopTests" */;
			buildPhases = (
				41573EA520AE7485002B6A24 /* Sources */,
				41573EA620AE7485002B6A24 /* Frameworks */,
				41573EA720AE7485002B6A24 /* Resources */,
			);
			buildRules = (
			);
			dependencies = (
				41573EAB20AE7485002B6A24 /* PBXTargetDependency */,
			);
			name = GesturePushAndPopTests;
			productName = GesturePushAndPopTests;
			productReference = 41573EA920AE7485002B6A24 /* GesturePushAndPopTests.xctest */;
			productType = "com.apple.product-type.bundle.unit-test";
		};
		41573EB320AE7485002B6A24 /* GesturePushAndPopUITests */ = {
			isa = PBXNativeTarget;
			buildConfigurationList = 41573EC320AE7485002B6A24 /* Build configuration list for PBXNativeTarget "GesturePushAndPopUITests" */;
			buildPhases = (
				41573EB020AE7485002B6A24 /* Sources */,
				41573EB120AE7485002B6A24 /* Frameworks */,
				41573EB220AE7485002B6A24 /* Resources */,
			);
			buildRules = (
			);
			dependencies = (
				41573EB620AE7485002B6A24 /* PBXTargetDependency */,
			);
			name = GesturePushAndPopUITests;
			productName = GesturePushAndPopUITests;
			productReference = 41573EB420AE7485002B6A24 /* GesturePushAndPopUITests.xctest */;
			productType = "com.apple.product-type.bundle.ui-testing";
		};
/* End PBXNativeTarget section */

/* Begin PBXProject section */
		41573E8920AE7481002B6A24 /* Project object */ = {
			isa = PBXProject;
			attributes = {
				LastUpgradeCheck = 0930;
				ORGANIZATIONNAME = personal;
				TargetAttributes = {
					41573E9020AE7481002B6A24 = {
						CreatedOnToolsVersion = 9.3;
					};
					41573EA820AE7485002B6A24 = {
						CreatedOnToolsVersion = 9.3;
						TestTargetID = 41573E9020AE7481002B6A24;
					};
					41573EB320AE7485002B6A24 = {
						CreatedOnToolsVersion = 9.3;
						TestTargetID = 41573E9020AE7481002B6A24;
					};
				};
			};
			buildConfigurationList = 41573E8C20AE7481002B6A24 /* Build configuration list for PBXProject "GesturePushAndPop" */;
			compatibilityVersion = "Xcode 9.3";
			developmentRegion = en;
			hasScannedForEncodings = 0;
			knownRegions = (
				en,
				Base,
			);
			mainGroup = 41573E8820AE7481002B6A24;
			productRefGroup = 41573E9220AE7481002B6A24 /* Products */;
			projectDirPath = "";
			projectRoot = "";
			targets = (
				41573E9020AE7481002B6A24 /* GesturePushAndPop */,
				41573EA820AE7485002B6A24 /* GesturePushAndPopTests */,
				41573EB320AE7485002B6A24 /* GesturePushAndPopUITests */,
			);
		};
/* End PBXProject section */

/* Begin PBXResourcesBuildPhase section */
		41573E8F20AE7481002B6A24 /* Resources */ = {
			isa = PBXResourcesBuildPhase;
			buildActionMask = 2147483647;
			files = (
				41573EA120AE7485002B6A24 /* LaunchScreen.storyboard in Resources */,
				41573E9E20AE7485002B6A24 /* Assets.xcassets in Resources */,
				418F1AA720BF7F0500625504 /* CommentView.xib in Resources */,
				41573E9C20AE7481002B6A24 /* Main.storyboard in Resources */,
			);
			runOnlyForDeploymentPostprocessing = 0;
		};
		41573EA720AE7485002B6A24 /* Resources */ = {
			isa = PBXResourcesBuildPhase;
			buildActionMask = 2147483647;
			files = (
			);
			runOnlyForDeploymentPostprocessing = 0;
		};
		41573EB220AE7485002B6A24 /* Resources */ = {
			isa = PBXResourcesBuildPhase;
			buildActionMask = 2147483647;
			files = (
			);
			runOnlyForDeploymentPostprocessing = 0;
		};
/* End PBXResourcesBuildPhase section */

/* Begin PBXSourcesBuildPhase section */
		41573E8D20AE7481002B6A24 /* Sources */ = {
			isa = PBXSourcesBuildPhase;
			buildActionMask = 2147483647;
			files = (
				416918A720B2B026004C2BBE /* BaseAnimatedTransitioningViewController.m in Sources */,
				418F1AA520BF7EF400625504 /* CommentView.m in Sources */,
				41573E9920AE7481002B6A24 /* ViewController.m in Sources */,
				418C4A1A20C5243A0058B57F /* CommentTableView.m in Sources */,
				417C212520B3A51000E11B48 /* UIViewController+Snapshot.m in Sources */,
				416918BA20B2BCB2004C2BBE /* ViewController3.m in Sources */,
				4141E0F220B7E01F00180C51 /* VC2CollectionViewCell.m in Sources */,
				416918B020B2B25C004C2BBE /* UIView+Snapshot.m in Sources */,
				41C1647120BFCE3000F1004C /* HitTestTableView.m in Sources */,
				416918B420B2B803004C2BBE /* CommonPushPopAnimation.m in Sources */,
				41573EC820AE7FEB002B6A24 /* ViewController2.m in Sources */,
				414E544220B53F8600EB9E99 /* ViewController2Detail.m in Sources */,
				417C212820B3C1A000E11B48 /* ViewController5.m in Sources */,
				417C213520B404FB00E11B48 /* DragPopAnimation.m in Sources */,
				41573EA420AE7485002B6A24 /* main.m in Sources */,
				416918AA20B2B067004C2BBE /* BaseAnimatedTransitioningNavigationController.m in Sources */,
				415C957A20B687F100811735 /* DetailTableViewCell.m in Sources */,
				415C957420B6538100811735 /* DetailTransitioning.m in Sources */,
				41573E9620AE7481002B6A24 /* AppDelegate.m in Sources */,
				415C957720B663E200811735 /* DetailCollectionViewCell.m in Sources */,
				416918BD20B2BCBA004C2BBE /* ViewController4.m in Sources */,
				4141E0EF20B7DE7500180C51 /* Message.m in Sources */,
				416918AD20B2B07D004C2BBE /* BaseAnimatedTransitioning.m in Sources */,
			);
			runOnlyForDeploymentPostprocessing = 0;
		};
		41573EA520AE7485002B6A24 /* Sources */ = {
			isa = PBXSourcesBuildPhase;
			buildActionMask = 2147483647;
			files = (
				41573EAE20AE7485002B6A24 /* GesturePushAndPopTests.m in Sources */,
			);
			runOnlyForDeploymentPostprocessing = 0;
		};
		41573EB020AE7485002B6A24 /* Sources */ = {
			isa = PBXSourcesBuildPhase;
			buildActionMask = 2147483647;
			files = (
				41573EB920AE7485002B6A24 /* GesturePushAndPopUITests.m in Sources */,
			);
			runOnlyForDeploymentPostprocessing = 0;
		};
/* End PBXSourcesBuildPhase section */

/* Begin PBXTargetDependency section */
		41573EAB20AE7485002B6A24 /* PBXTargetDependency */ = {
			isa = PBXTargetDependency;
			target = 41573E9020AE7481002B6A24 /* GesturePushAndPop */;
			targetProxy = 41573EAA20AE7485002B6A24 /* PBXContainerItemProxy */;
		};
		41573EB620AE7485002B6A24 /* PBXTargetDependency */ = {
			isa = PBXTargetDependency;
			target = 41573E9020AE7481002B6A24 /* GesturePushAndPop */;
			targetProxy = 41573EB520AE7485002B6A24 /* PBXContainerItemProxy */;
		};
/* End PBXTargetDependency section */

/* Begin PBXVariantGroup section */
		41573E9A20AE7481002B6A24 /* Main.storyboard */ = {
			isa = PBXVariantGroup;
			children = (
				41573E9B20AE7481002B6A24 /* Base */,
			);
			name = Main.storyboard;
			sourceTree = "<group>";
		};
		41573E9F20AE7485002B6A24 /* LaunchScreen.storyboard */ = {
			isa = PBXVariantGroup;
			children = (
				41573EA020AE7485002B6A24 /* Base */,
			);
			name = LaunchScreen.storyboard;
			sourceTree = "<group>";
		};
/* End PBXVariantGroup section */

/* Begin XCBuildConfiguration section */
		41573EBB20AE7485002B6A24 /* Debug */ = {
			isa = XCBuildConfiguration;
			buildSettings = {
				ALWAYS_SEARCH_USER_PATHS = NO;
				CLANG_ANALYZER_NONNULL = YES;
				CLANG_ANALYZER_NUMBER_OBJECT_CONVERSION = YES_AGGRESSIVE;
				CLANG_CXX_LANGUAGE_STANDARD = "gnu++14";
				CLANG_CXX_LIBRARY = "libc++";
				CLANG_ENABLE_MODULES = YES;
				CLANG_ENABLE_OBJC_ARC = YES;
				CLANG_ENABLE_OBJC_WEAK = YES;
				CLANG_WARN_BLOCK_CAPTURE_AUTORELEASING = YES;
				CLANG_WARN_BOOL_CONVERSION = YES;
				CLANG_WARN_COMMA = YES;
				CLANG_WARN_CONSTANT_CONVERSION = YES;
				CLANG_WARN_DEPRECATED_OBJC_IMPLEMENTATIONS = YES;
				CLANG_WARN_DIRECT_OBJC_ISA_USAGE = YES_ERROR;
				CLANG_WARN_DOCUMENTATION_COMMENTS = YES;
				CLANG_WARN_EMPTY_BODY = YES;
				CLANG_WARN_ENUM_CONVERSION = YES;
				CLANG_WARN_INFINITE_RECURSION = YES;
				CLANG_WARN_INT_CONVERSION = YES;
				CLANG_WARN_NON_LITERAL_NULL_CONVERSION = YES;
				CLANG_WARN_OBJC_IMPLICIT_RETAIN_SELF = YES;
				CLANG_WARN_OBJC_LITERAL_CONVERSION = YES;
				CLANG_WARN_OBJC_ROOT_CLASS = YES_ERROR;
				CLANG_WARN_RANGE_LOOP_ANALYSIS = YES;
				CLANG_WARN_STRICT_PROTOTYPES = YES;
				CLANG_WARN_SUSPICIOUS_MOVE = YES;
				CLANG_WARN_UNGUARDED_AVAILABILITY = YES_AGGRESSIVE;
				CLANG_WARN_UNREACHABLE_CODE = YES;
				CLANG_WARN__DUPLICATE_METHOD_MATCH = YES;
				CODE_SIGN_IDENTITY = "iPhone Developer";
				COPY_PHASE_STRIP = NO;
				DEBUG_INFORMATION_FORMAT = dwarf;
				ENABLE_STRICT_OBJC_MSGSEND = YES;
				ENABLE_TESTABILITY = YES;
				GCC_C_LANGUAGE_STANDARD = gnu11;
				GCC_DYNAMIC_NO_PIC = NO;
				GCC_NO_COMMON_BLOCKS = YES;
				GCC_OPTIMIZATION_LEVEL = 0;
				GCC_PREPROCESSOR_DEFINITIONS = (
					"DEBUG=1",
					"$(inherited)",
				);
				GCC_WARN_64_TO_32_BIT_CONVERSION = YES;
				GCC_WARN_ABOUT_RETURN_TYPE = YES_ERROR;
				GCC_WARN_UNDECLARED_SELECTOR = YES;
				GCC_WARN_UNINITIALIZED_AUTOS = YES_AGGRESSIVE;
				GCC_WARN_UNUSED_FUNCTION = YES;
				GCC_WARN_UNUSED_VARIABLE = YES;
				IPHONEOS_DEPLOYMENT_TARGET = 11.3;
				MTL_ENABLE_DEBUG_INFO = YES;
				ONLY_ACTIVE_ARCH = YES;
				SDKROOT = iphoneos;
			};
			name = Debug;
		};
		41573EBC20AE7485002B6A24 /* Release */ = {
			isa = XCBuildConfiguration;
			buildSettings = {
				ALWAYS_SEARCH_USER_PATHS = NO;
				CLANG_ANALYZER_NONNULL = YES;
				CLANG_ANALYZER_NUMBER_OBJECT_CONVERSION = YES_AGGRESSIVE;
				CLANG_CXX_LANGUAGE_STANDARD = "gnu++14";
				CLANG_CXX_LIBRARY = "libc++";
				CLANG_ENABLE_MODULES = YES;
				CLANG_ENABLE_OBJC_ARC = YES;
				CLANG_ENABLE_OBJC_WEAK = YES;
				CLANG_WARN_BLOCK_CAPTURE_AUTORELEASING = YES;
				CLANG_WARN_BOOL_CONVERSION = YES;
				CLANG_WARN_COMMA = YES;
				CLANG_WARN_CONSTANT_CONVERSION = YES;
				CLANG_WARN_DEPRECATED_OBJC_IMPLEMENTATIONS = YES;
				CLANG_WARN_DIRECT_OBJC_ISA_USAGE = YES_ERROR;
				CLANG_WARN_DOCUMENTATION_COMMENTS = YES;
				CLANG_WARN_EMPTY_BODY = YES;
				CLANG_WARN_ENUM_CONVERSION = YES;
				CLANG_WARN_INFINITE_RECURSION = YES;
				CLANG_WARN_INT_CONVERSION = YES;
				CLANG_WARN_NON_LITERAL_NULL_CONVERSION = YES;
				CLANG_WARN_OBJC_IMPLICIT_RETAIN_SELF = YES;
				CLANG_WARN_OBJC_LITERAL_CONVERSION = YES;
				CLANG_WARN_OBJC_ROOT_CLASS = YES_ERROR;
				CLANG_WARN_RANGE_LOOP_ANALYSIS = YES;
				CLANG_WARN_STRICT_PROTOTYPES = YES;
				CLANG_WARN_SUSPICIOUS_MOVE = YES;
				CLANG_WARN_UNGUARDED_AVAILABILITY = YES_AGGRESSIVE;
				CLANG_WARN_UNREACHABLE_CODE = YES;
				CLANG_WARN__DUPLICATE_METHOD_MATCH = YES;
				CODE_SIGN_IDENTITY = "iPhone Developer";
				COPY_PHASE_STRIP = NO;
				DEBUG_INFORMATION_FORMAT = "dwarf-with-dsym";
				ENABLE_NS_ASSERTIONS = NO;
				ENABLE_STRICT_OBJC_MSGSEND = YES;
				GCC_C_LANGUAGE_STANDARD = gnu11;
				GCC_NO_COMMON_BLOCKS = YES;
				GCC_WARN_64_TO_32_BIT_CONVERSION = YES;
				GCC_WARN_ABOUT_RETURN_TYPE = YES_ERROR;
				GCC_WARN_UNDECLARED_SELECTOR = YES;
				GCC_WARN_UNINITIALIZED_AUTOS = YES_AGGRESSIVE;
				GCC_WARN_UNUSED_FUNCTION = YES;
				GCC_WARN_UNUSED_VARIABLE = YES;
				IPHONEOS_DEPLOYMENT_TARGET = 11.3;
				MTL_ENABLE_DEBUG_INFO = NO;
				SDKROOT = iphoneos;
				VALIDATE_PRODUCT = YES;
			};
			name = Release;
		};
		41573EBE20AE7485002B6A24 /* Debug */ = {
			isa = XCBuildConfiguration;
			buildSettings = {
				ASSETCATALOG_COMPILER_APPICON_NAME = AppIcon;
				CODE_SIGN_STYLE = Automatic;
				DEVELOPMENT_TEAM = XVUFK2BZ53;
				INFOPLIST_FILE = GesturePushAndPop/Info.plist;
				LD_RUNPATH_SEARCH_PATHS = (
					"$(inherited)",
					"@executable_path/Frameworks",
				);
				PRODUCT_BUNDLE_IDENTIFIER = com.siasun.GesturePushAndPop;
				PRODUCT_NAME = "$(TARGET_NAME)";
				TARGETED_DEVICE_FAMILY = "1,2";
			};
			name = Debug;
		};
		41573EBF20AE7485002B6A24 /* Release */ = {
			isa = XCBuildConfiguration;
			buildSettings = {
				ASSETCATALOG_COMPILER_APPICON_NAME = AppIcon;
				CODE_SIGN_STYLE = Automatic;
				DEVELOPMENT_TEAM = XVUFK2BZ53;
				INFOPLIST_FILE = GesturePushAndPop/Info.plist;
				LD_RUNPATH_SEARCH_PATHS = (
					"$(inherited)",
					"@executable_path/Frameworks",
				);
				PRODUCT_BUNDLE_IDENTIFIER = com.siasun.GesturePushAndPop;
				PRODUCT_NAME = "$(TARGET_NAME)";
				TARGETED_DEVICE_FAMILY = "1,2";
			};
			name = Release;
		};
		41573EC120AE7485002B6A24 /* Debug */ = {
			isa = XCBuildConfiguration;
			buildSettings = {
				BUNDLE_LOADER = "$(TEST_HOST)";
				CODE_SIGN_STYLE = Automatic;
				DEVELOPMENT_TEAM = WLHNY52CZE;
				INFOPLIST_FILE = GesturePushAndPopTests/Info.plist;
				LD_RUNPATH_SEARCH_PATHS = (
					"$(inherited)",
					"@executable_path/Frameworks",
					"@loader_path/Frameworks",
				);
				PRODUCT_BUNDLE_IDENTIFIER = com.liuhao.GesturePushAndPopTests;
				PRODUCT_NAME = "$(TARGET_NAME)";
				TARGETED_DEVICE_FAMILY = "1,2";
				TEST_HOST = "$(BUILT_PRODUCTS_DIR)/GesturePushAndPop.app/GesturePushAndPop";
			};
			name = Debug;
		};
		41573EC220AE7485002B6A24 /* Release */ = {
			isa = XCBuildConfiguration;
			buildSettings = {
				BUNDLE_LOADER = "$(TEST_HOST)";
				CODE_SIGN_STYLE = Automatic;
				DEVELOPMENT_TEAM = WLHNY52CZE;
				INFOPLIST_FILE = GesturePushAndPopTests/Info.plist;
				LD_RUNPATH_SEARCH_PATHS = (
					"$(inherited)",
					"@executable_path/Frameworks",
					"@loader_path/Frameworks",
				);
				PRODUCT_BUNDLE_IDENTIFIER = com.liuhao.GesturePushAndPopTests;
				PRODUCT_NAME = "$(TARGET_NAME)";
				TARGETED_DEVICE_FAMILY = "1,2";
				TEST_HOST = "$(BUILT_PRODUCTS_DIR)/GesturePushAndPop.app/GesturePushAndPop";
			};
			name = Release;
		};
		41573EC420AE7485002B6A24 /* Debug */ = {
			isa = XCBuildConfiguration;
			buildSettings = {
				CODE_SIGN_STYLE = Automatic;
				DEVELOPMENT_TEAM = WLHNY52CZE;
				INFOPLIST_FILE = GesturePushAndPopUITests/Info.plist;
				LD_RUNPATH_SEARCH_PATHS = (
					"$(inherited)",
					"@executable_path/Frameworks",
					"@loader_path/Frameworks",
				);
				PRODUCT_BUNDLE_IDENTIFIER = com.liuhao.GesturePushAndPopUITests;
				PRODUCT_NAME = "$(TARGET_NAME)";
				TARGETED_DEVICE_FAMILY = "1,2";
				TEST_TARGET_NAME = GesturePushAndPop;
			};
			name = Debug;
		};
		41573EC520AE7485002B6A24 /* Release */ = {
			isa = XCBuildConfiguration;
			buildSettings = {
				CODE_SIGN_STYLE = Automatic;
				DEVELOPMENT_TEAM = WLHNY52CZE;
				INFOPLIST_FILE = GesturePushAndPopUITests/Info.plist;
				LD_RUNPATH_SEARCH_PATHS = (
					"$(inherited)",
					"@executable_path/Frameworks",
					"@loader_path/Frameworks",
				);
				PRODUCT_BUNDLE_IDENTIFIER = com.liuhao.GesturePushAndPopUITests;
				PRODUCT_NAME = "$(TARGET_NAME)";
				TARGETED_DEVICE_FAMILY = "1,2";
				TEST_TARGET_NAME = GesturePushAndPop;
			};
			name = Release;
		};
/* End XCBuildConfiguration section */

/* Begin XCConfigurationList section */
		41573E8C20AE7481002B6A24 /* Build configuration list for PBXProject "GesturePushAndPop" */ = {
			isa = XCConfigurationList;
			buildConfigurations = (
				41573EBB20AE7485002B6A24 /* Debug */,
				41573EBC20AE7485002B6A24 /* Release */,
			);
			defaultConfigurationIsVisible = 0;
			defaultConfigurationName = Release;
		};
		41573EBD20AE7485002B6A24 /* Build configuration list for PBXNativeTarget "GesturePushAndPop" */ = {
			isa = XCConfigurationList;
			buildConfigurations = (
				41573EBE20AE7485002B6A24 /* Debug */,
				41573EBF20AE7485002B6A24 /* Release */,
			);
			defaultConfigurationIsVisible = 0;
			defaultConfigurationName = Release;
		};
		41573EC020AE7485002B6A24 /* Build configuration list for PBXNativeTarget "GesturePushAndPopTests" */ = {
			isa = XCConfigurationList;
			buildConfigurations = (
				41573EC120AE7485002B6A24 /* Debug */,
				41573EC220AE7485002B6A24 /* Release */,
			);
			defaultConfigurationIsVisible = 0;
			defaultConfigurationName = Release;
		};
		41573EC320AE7485002B6A24 /* Build configuration list for PBXNativeTarget "GesturePushAndPopUITests" */ = {
			isa = XCConfigurationList;
			buildConfigurations = (
				41573EC420AE7485002B6A24 /* Debug */,
				41573EC520AE7485002B6A24 /* Release */,
			);
			defaultConfigurationIsVisible = 0;
			defaultConfigurationName = Release;
		};
/* End XCConfigurationList section */
	};
	rootObject = 41573E8920AE7481002B6A24 /* Project object */;
}
